// !$*UTF8*$!
{
	archiveVersion = 1;
	classes = {
	};
	objectVersion = 52;
	objects = {

/* Begin PBXBuildFile section */
		6907802625CDC91E00400D06 /* ApolloCore in Frameworks */ = {isa = PBXBuildFile; productRef = 6907802525CDC91E00400D06 /* ApolloCore */; };
		6907802825CDC91E00400D06 /* ApolloSQLite in Frameworks */ = {isa = PBXBuildFile; productRef = 6907802725CDC91E00400D06 /* ApolloSQLite */; };
		6907802A25CDC91E00400D06 /* ApolloWebSocket in Frameworks */ = {isa = PBXBuildFile; productRef = 6907802925CDC91E00400D06 /* ApolloWebSocket */; };
		6907802C25CDC91E00400D06 /* Apollo in Frameworks */ = {isa = PBXBuildFile; productRef = 6907802B25CDC91E00400D06 /* Apollo */; };
		6907802E25CDC91E00400D06 /* ApolloCodegenLib in Frameworks */ = {isa = PBXBuildFile; productRef = 6907802D25CDC91E00400D06 /* ApolloCodegenLib */; };
		6907804625D175E800400D06 /* API.swift in Sources */ = {isa = PBXBuildFile; fileRef = 6907804525D175E800400D06 /* API.swift */; };
		691F01BC24E57F5400C4517E /* AppDelegate.swift in Sources */ = {isa = PBXBuildFile; fileRef = 691F01BB24E57F5400C4517E /* AppDelegate.swift */; };
		691F01BE24E57F5400C4517E /* SceneDelegate.swift in Sources */ = {isa = PBXBuildFile; fileRef = 691F01BD24E57F5400C4517E /* SceneDelegate.swift */; };
		691F01C524E57F5800C4517E /* Assets.xcassets in Resources */ = {isa = PBXBuildFile; fileRef = 691F01C424E57F5800C4517E /* Assets.xcassets */; };
		691F01C824E57F5800C4517E /* LaunchScreen.storyboard in Resources */ = {isa = PBXBuildFile; fileRef = 691F01C624E57F5800C4517E /* LaunchScreen.storyboard */; };
		691F01D324E57F5800C4517E /* BokuNoListTests.swift in Sources */ = {isa = PBXBuildFile; fileRef = 691F01D224E57F5800C4517E /* BokuNoListTests.swift */; };
		691F01DE24E57F5800C4517E /* BokuNoListUITests.swift in Sources */ = {isa = PBXBuildFile; fileRef = 691F01DD24E57F5800C4517E /* BokuNoListUITests.swift */; };
		691F01F024E6C07200C4517E /* .swiftlint.yml in Resources */ = {isa = PBXBuildFile; fileRef = 691F01EF24E6C07200C4517E /* .swiftlint.yml */; };
		691F01F224E6C4CC00C4517E /* ExplorerViewController.swift in Sources */ = {isa = PBXBuildFile; fileRef = 691F01F124E6C4CC00C4517E /* ExplorerViewController.swift */; };
		691F01F424E6C51800C4517E /* TabBarViewController.swift in Sources */ = {isa = PBXBuildFile; fileRef = 691F01F324E6C51800C4517E /* TabBarViewController.swift */; };
		691F01F624E6CB1F00C4517E /* MyListViewController.swift in Sources */ = {isa = PBXBuildFile; fileRef = 691F01F524E6CB1F00C4517E /* MyListViewController.swift */; };
		691F01FB24E6DAD600C4517E /* Colors.swift in Sources */ = {isa = PBXBuildFile; fileRef = 691F01FA24E6DAD600C4517E /* Colors.swift */; };
		692798FB25D182DB00BECDC9 /* ExplorerViewModel.swift in Sources */ = {isa = PBXBuildFile; fileRef = 692798FA25D182DB00BECDC9 /* ExplorerViewModel.swift */; };
		692798FF25D2D79300BECDC9 /* Observable.swift in Sources */ = {isa = PBXBuildFile; fileRef = 692798FE25D2D79300BECDC9 /* Observable.swift */; };
		6929734424F1795E00B0DC8A /* DetailsViewController.swift in Sources */ = {isa = PBXBuildFile; fileRef = 6929734324F1795E00B0DC8A /* DetailsViewController.swift */; };
		69405E2324F4029C00777618 /* Checklist.swift in Sources */ = {isa = PBXBuildFile; fileRef = 69405E2224F4029C00777618 /* Checklist.swift */; };
		69405E2624F409E500777618 /* ViewCode.swift in Sources */ = {isa = PBXBuildFile; fileRef = 69405E2524F409E500777618 /* ViewCode.swift */; };
		69405E2824F537D200777618 /* ApiResponse.swift in Sources */ = {isa = PBXBuildFile; fileRef = 69405E2724F537D200777618 /* ApiResponse.swift */; };
		6960433E2541C76B00B913DE /* CloudKit.framework in Frameworks */ = {isa = PBXBuildFile; fileRef = 6960433D2541C76B00B913DE /* CloudKit.framework */; };
		69754C9E253F12A500B12C32 /* DatabaseController.swift in Sources */ = {isa = PBXBuildFile; fileRef = 69754C9D253F12A500B12C32 /* DatabaseController.swift */; };
		69920C7524EABB1F0085FD3A /* CustomCellViewController.swift in Sources */ = {isa = PBXBuildFile; fileRef = 69920C7424EABB1F0085FD3A /* CustomCellViewController.swift */; };
		69920C7724EC0D780085FD3A /* TrendingCollectionViewCell.swift in Sources */ = {isa = PBXBuildFile; fileRef = 69920C7624EC0D780085FD3A /* TrendingCollectionViewCell.swift */; };
		69920C7924ED55BD0085FD3A /* MyHeaderFooterClass.swift in Sources */ = {isa = PBXBuildFile; fileRef = 69920C7824ED55BD0085FD3A /* MyHeaderFooterClass.swift */; };
		69A2E26B25CD7650000308A4 /* Apollo.swift in Sources */ = {isa = PBXBuildFile; fileRef = 69A2E26A25CD7650000308A4 /* Apollo.swift */; };
		69A2E27025CD767B000308A4 /* Queries.graphql in Resources */ = {isa = PBXBuildFile; fileRef = 69A2E26F25CD767B000308A4 /* Queries.graphql */; };
		69A2E28625CD7998000308A4 /* schema.json in Resources */ = {isa = PBXBuildFile; fileRef = 69A2E28525CD7998000308A4 /* schema.json */; };
		69BDF98E25471324005037F6 /* ModelCloudkit.swift in Sources */ = {isa = PBXBuildFile; fileRef = 69BDF98D25471324005037F6 /* ModelCloudkit.swift */; };
		69BDF99325471909005037F6 /* AnimeCloudkit.swift in Sources */ = {isa = PBXBuildFile; fileRef = 69BDF99225471909005037F6 /* AnimeCloudkit.swift */; };
		69D5E31324EEA8D6003109D9 /* NetworkManager.swift in Sources */ = {isa = PBXBuildFile; fileRef = 69D5E31224EEA8D6003109D9 /* NetworkManager.swift */; };
		69FC5F38253F283A008DFA5C /* Mylist.xcdatamodeld in Sources */ = {isa = PBXBuildFile; fileRef = 69FC5F36253F283A008DFA5C /* Mylist.xcdatamodeld */; };
		69FC5F3E253F28B4008DFA5C /* Anime+CoreDataClass.swift in Sources */ = {isa = PBXBuildFile; fileRef = 69FC5F3C253F28B4008DFA5C /* Anime+CoreDataClass.swift */; };
		69FC5F3F253F28B4008DFA5C /* Anime+CoreDataProperties.swift in Sources */ = {isa = PBXBuildFile; fileRef = 69FC5F3D253F28B4008DFA5C /* Anime+CoreDataProperties.swift */; };
/* End PBXBuildFile section */

/* Begin PBXContainerItemProxy section */
		691F01CF24E57F5800C4517E /* PBXContainerItemProxy */ = {
			isa = PBXContainerItemProxy;
			containerPortal = 691F01B024E57F5400C4517E /* Project object */;
			proxyType = 1;
			remoteGlobalIDString = 691F01B724E57F5400C4517E;
			remoteInfo = BokuNoList;
		};
		691F01DA24E57F5800C4517E /* PBXContainerItemProxy */ = {
			isa = PBXContainerItemProxy;
			containerPortal = 691F01B024E57F5400C4517E /* Project object */;
			proxyType = 1;
			remoteGlobalIDString = 691F01B724E57F5400C4517E;
			remoteInfo = BokuNoList;
		};
/* End PBXContainerItemProxy section */

/* Begin PBXCopyFilesBuildPhase section */
		69A2E28225CD7782000308A4 /* Embed Frameworks */ = {
			isa = PBXCopyFilesBuildPhase;
			buildActionMask = 2147483647;
			dstPath = "";
			dstSubfolderSpec = 10;
			files = (
			);
			name = "Embed Frameworks";
			runOnlyForDeploymentPostprocessing = 0;
		};
/* End PBXCopyFilesBuildPhase section */

/* Begin PBXFileReference section */
		6907804525D175E800400D06 /* API.swift */ = {isa = PBXFileReference; fileEncoding = 4; lastKnownFileType = sourcecode.swift; path = API.swift; sourceTree = "<group>"; };
		691F01B824E57F5400C4517E /* BokuNoList.app */ = {isa = PBXFileReference; explicitFileType = wrapper.application; includeInIndex = 0; path = BokuNoList.app; sourceTree = BUILT_PRODUCTS_DIR; };
		691F01BB24E57F5400C4517E /* AppDelegate.swift */ = {isa = PBXFileReference; lastKnownFileType = sourcecode.swift; path = AppDelegate.swift; sourceTree = "<group>"; };
		691F01BD24E57F5400C4517E /* SceneDelegate.swift */ = {isa = PBXFileReference; lastKnownFileType = sourcecode.swift; path = SceneDelegate.swift; sourceTree = "<group>"; };
		691F01C424E57F5800C4517E /* Assets.xcassets */ = {isa = PBXFileReference; lastKnownFileType = folder.assetcatalog; path = Assets.xcassets; sourceTree = "<group>"; };
		691F01C724E57F5800C4517E /* Base */ = {isa = PBXFileReference; lastKnownFileType = file.storyboard; name = Base; path = Base.lproj/LaunchScreen.storyboard; sourceTree = "<group>"; };
		691F01C924E57F5800C4517E /* Info.plist */ = {isa = PBXFileReference; lastKnownFileType = text.plist.xml; path = Info.plist; sourceTree = "<group>"; };
		691F01CE24E57F5800C4517E /* BokuNoListTests.xctest */ = {isa = PBXFileReference; explicitFileType = wrapper.cfbundle; includeInIndex = 0; path = BokuNoListTests.xctest; sourceTree = BUILT_PRODUCTS_DIR; };
		691F01D224E57F5800C4517E /* BokuNoListTests.swift */ = {isa = PBXFileReference; lastKnownFileType = sourcecode.swift; path = BokuNoListTests.swift; sourceTree = "<group>"; };
		691F01D424E57F5800C4517E /* Info.plist */ = {isa = PBXFileReference; lastKnownFileType = text.plist.xml; path = Info.plist; sourceTree = "<group>"; };
		691F01D924E57F5800C4517E /* BokuNoListUITests.xctest */ = {isa = PBXFileReference; explicitFileType = wrapper.cfbundle; includeInIndex = 0; path = BokuNoListUITests.xctest; sourceTree = BUILT_PRODUCTS_DIR; };
		691F01DD24E57F5800C4517E /* BokuNoListUITests.swift */ = {isa = PBXFileReference; lastKnownFileType = sourcecode.swift; path = BokuNoListUITests.swift; sourceTree = "<group>"; };
		691F01DF24E57F5800C4517E /* Info.plist */ = {isa = PBXFileReference; lastKnownFileType = text.plist.xml; path = Info.plist; sourceTree = "<group>"; };
		691F01EF24E6C07200C4517E /* .swiftlint.yml */ = {isa = PBXFileReference; lastKnownFileType = text.yaml; path = .swiftlint.yml; sourceTree = "<group>"; };
		691F01F124E6C4CC00C4517E /* ExplorerViewController.swift */ = {isa = PBXFileReference; lastKnownFileType = sourcecode.swift; path = ExplorerViewController.swift; sourceTree = "<group>"; };
		691F01F324E6C51800C4517E /* TabBarViewController.swift */ = {isa = PBXFileReference; lastKnownFileType = sourcecode.swift; path = TabBarViewController.swift; sourceTree = "<group>"; };
		691F01F524E6CB1F00C4517E /* MyListViewController.swift */ = {isa = PBXFileReference; lastKnownFileType = sourcecode.swift; path = MyListViewController.swift; sourceTree = "<group>"; };
		691F01FA24E6DAD600C4517E /* Colors.swift */ = {isa = PBXFileReference; lastKnownFileType = sourcecode.swift; path = Colors.swift; sourceTree = "<group>"; };
		692798FA25D182DB00BECDC9 /* ExplorerViewModel.swift */ = {isa = PBXFileReference; lastKnownFileType = sourcecode.swift; path = ExplorerViewModel.swift; sourceTree = "<group>"; };
		692798FE25D2D79300BECDC9 /* Observable.swift */ = {isa = PBXFileReference; lastKnownFileType = sourcecode.swift; path = Observable.swift; sourceTree = "<group>"; };
		6929734324F1795E00B0DC8A /* DetailsViewController.swift */ = {isa = PBXFileReference; lastKnownFileType = sourcecode.swift; path = DetailsViewController.swift; sourceTree = "<group>"; };
		69405E2224F4029C00777618 /* Checklist.swift */ = {isa = PBXFileReference; lastKnownFileType = sourcecode.swift; path = Checklist.swift; sourceTree = "<group>"; };
		69405E2524F409E500777618 /* ViewCode.swift */ = {isa = PBXFileReference; lastKnownFileType = sourcecode.swift; path = ViewCode.swift; sourceTree = "<group>"; };
		69405E2724F537D200777618 /* ApiResponse.swift */ = {isa = PBXFileReference; lastKnownFileType = sourcecode.swift; path = ApiResponse.swift; sourceTree = "<group>"; };
		696043382541C75E00B913DE /* BokuNoList.entitlements */ = {isa = PBXFileReference; lastKnownFileType = text.plist.entitlements; path = BokuNoList.entitlements; sourceTree = "<group>"; };
		6960433D2541C76B00B913DE /* CloudKit.framework */ = {isa = PBXFileReference; lastKnownFileType = wrapper.framework; name = CloudKit.framework; path = System/Library/Frameworks/CloudKit.framework; sourceTree = SDKROOT; };
		69754C9D253F12A500B12C32 /* DatabaseController.swift */ = {isa = PBXFileReference; lastKnownFileType = sourcecode.swift; path = DatabaseController.swift; sourceTree = "<group>"; };
		69920C7424EABB1F0085FD3A /* CustomCellViewController.swift */ = {isa = PBXFileReference; lastKnownFileType = sourcecode.swift; path = CustomCellViewController.swift; sourceTree = "<group>"; };
		69920C7624EC0D780085FD3A /* TrendingCollectionViewCell.swift */ = {isa = PBXFileReference; lastKnownFileType = sourcecode.swift; path = TrendingCollectionViewCell.swift; sourceTree = "<group>"; };
		69920C7824ED55BD0085FD3A /* MyHeaderFooterClass.swift */ = {isa = PBXFileReference; lastKnownFileType = sourcecode.swift; path = MyHeaderFooterClass.swift; sourceTree = "<group>"; };
		69A2E26A25CD7650000308A4 /* Apollo.swift */ = {isa = PBXFileReference; lastKnownFileType = sourcecode.swift; path = Apollo.swift; sourceTree = "<group>"; };
		69A2E26F25CD767B000308A4 /* Queries.graphql */ = {isa = PBXFileReference; lastKnownFileType = text; path = Queries.graphql; sourceTree = "<group>"; };
		69A2E28525CD7998000308A4 /* schema.json */ = {isa = PBXFileReference; fileEncoding = 4; lastKnownFileType = text.json; path = schema.json; sourceTree = "<group>"; };
		69BDF98D25471324005037F6 /* ModelCloudkit.swift */ = {isa = PBXFileReference; lastKnownFileType = sourcecode.swift; path = ModelCloudkit.swift; sourceTree = "<group>"; };
		69BDF99225471909005037F6 /* AnimeCloudkit.swift */ = {isa = PBXFileReference; lastKnownFileType = sourcecode.swift; path = AnimeCloudkit.swift; sourceTree = "<group>"; };
		69D5E31224EEA8D6003109D9 /* NetworkManager.swift */ = {isa = PBXFileReference; lastKnownFileType = sourcecode.swift; path = NetworkManager.swift; sourceTree = "<group>"; };
		69FC5F37253F283A008DFA5C /* Mylist.xcdatamodel */ = {isa = PBXFileReference; lastKnownFileType = wrapper.xcdatamodel; path = Mylist.xcdatamodel; sourceTree = "<group>"; };
		69FC5F3C253F28B4008DFA5C /* Anime+CoreDataClass.swift */ = {isa = PBXFileReference; lastKnownFileType = sourcecode.swift; path = "Anime+CoreDataClass.swift"; sourceTree = "<group>"; };
		69FC5F3D253F28B4008DFA5C /* Anime+CoreDataProperties.swift */ = {isa = PBXFileReference; lastKnownFileType = sourcecode.swift; path = "Anime+CoreDataProperties.swift"; sourceTree = "<group>"; };
/* End PBXFileReference section */

/* Begin PBXFrameworksBuildPhase section */
		691F01B524E57F5400C4517E /* Frameworks */ = {
			isa = PBXFrameworksBuildPhase;
			buildActionMask = 2147483647;
			files = (
				6907802C25CDC91E00400D06 /* Apollo in Frameworks */,
				6907802E25CDC91E00400D06 /* ApolloCodegenLib in Frameworks */,
				6907802625CDC91E00400D06 /* ApolloCore in Frameworks */,
				6907802A25CDC91E00400D06 /* ApolloWebSocket in Frameworks */,
				6960433E2541C76B00B913DE /* CloudKit.framework in Frameworks */,
				6907802825CDC91E00400D06 /* ApolloSQLite in Frameworks */,
			);
			runOnlyForDeploymentPostprocessing = 0;
		};
		691F01CB24E57F5800C4517E /* Frameworks */ = {
			isa = PBXFrameworksBuildPhase;
			buildActionMask = 2147483647;
			files = (
			);
			runOnlyForDeploymentPostprocessing = 0;
		};
		691F01D624E57F5800C4517E /* Frameworks */ = {
			isa = PBXFrameworksBuildPhase;
			buildActionMask = 2147483647;
			files = (
			);
			runOnlyForDeploymentPostprocessing = 0;
		};
/* End PBXFrameworksBuildPhase section */

/* Begin PBXGroup section */
		691F01AF24E57F5400C4517E = {
			isa = PBXGroup;
			children = (
				691F01BA24E57F5400C4517E /* BokuNoList */,
				691F01D124E57F5800C4517E /* BokuNoListTests */,
				691F01DC24E57F5800C4517E /* BokuNoListUITests */,
				691F01B924E57F5400C4517E /* Products */,
				6960433C2541C76B00B913DE /* Frameworks */,
			);
			sourceTree = "<group>";
		};
		691F01B924E57F5400C4517E /* Products */ = {
			isa = PBXGroup;
			children = (
				691F01B824E57F5400C4517E /* BokuNoList.app */,
				691F01CE24E57F5800C4517E /* BokuNoListTests.xctest */,
				691F01D924E57F5800C4517E /* BokuNoListUITests.xctest */,
			);
			name = Products;
			sourceTree = "<group>";
		};
		691F01BA24E57F5400C4517E /* BokuNoList */ = {
			isa = PBXGroup;
			children = (
				69A2E28525CD7998000308A4 /* schema.json */,
				69A2E25E25CD73DC000308A4 /* GraphQL */,
				691F01EF24E6C07200C4517E /* .swiftlint.yml */,
				696043382541C75E00B913DE /* BokuNoList.entitlements */,
				69405E2424F409B100777618 /* Utils */,
				69D5E31124EEA86B003109D9 /* Network */,
				691F01F924E6DAB700C4517E /* Resources */,
				691F01EB24E57FCD00C4517E /* Model */,
				691F01EC24E57FD500C4517E /* View */,
				69A2E25A25CC1DEB000308A4 /* ViewModel */,
				691F01BB24E57F5400C4517E /* AppDelegate.swift */,
				691F01BD24E57F5400C4517E /* SceneDelegate.swift */,
				691F01C424E57F5800C4517E /* Assets.xcassets */,
				691F01C624E57F5800C4517E /* LaunchScreen.storyboard */,
				691F01C924E57F5800C4517E /* Info.plist */,
				69FC5F36253F283A008DFA5C /* Mylist.xcdatamodeld */,
			);
			path = BokuNoList;
			sourceTree = "<group>";
		};
		691F01D124E57F5800C4517E /* BokuNoListTests */ = {
			isa = PBXGroup;
			children = (
				691F01D224E57F5800C4517E /* BokuNoListTests.swift */,
				691F01D424E57F5800C4517E /* Info.plist */,
			);
			path = BokuNoListTests;
			sourceTree = "<group>";
		};
		691F01DC24E57F5800C4517E /* BokuNoListUITests */ = {
			isa = PBXGroup;
			children = (
				691F01DD24E57F5800C4517E /* BokuNoListUITests.swift */,
				691F01DF24E57F5800C4517E /* Info.plist */,
			);
			path = BokuNoListUITests;
			sourceTree = "<group>";
		};
		691F01EB24E57FCD00C4517E /* Model */ = {
			isa = PBXGroup;
			children = (
				69FC5F3C253F28B4008DFA5C /* Anime+CoreDataClass.swift */,
				69FC5F3D253F28B4008DFA5C /* Anime+CoreDataProperties.swift */,
				69405E2724F537D200777618 /* ApiResponse.swift */,
				69754C9D253F12A500B12C32 /* DatabaseController.swift */,
				69BDF98D25471324005037F6 /* ModelCloudkit.swift */,
				69BDF99225471909005037F6 /* AnimeCloudkit.swift */,
			);
			path = Model;
			sourceTree = "<group>";
		};
		691F01EC24E57FD500C4517E /* View */ = {
			isa = PBXGroup;
			children = (
				69405E2224F4029C00777618 /* Checklist.swift */,
				691F01F124E6C4CC00C4517E /* ExplorerViewController.swift */,
				691F01F524E6CB1F00C4517E /* MyListViewController.swift */,
				6929734324F1795E00B0DC8A /* DetailsViewController.swift */,
				691F01F324E6C51800C4517E /* TabBarViewController.swift */,
				69920C7424EABB1F0085FD3A /* CustomCellViewController.swift */,
				69920C7624EC0D780085FD3A /* TrendingCollectionViewCell.swift */,
				69920C7824ED55BD0085FD3A /* MyHeaderFooterClass.swift */,
			);
			path = View;
			sourceTree = "<group>";
		};
		691F01F924E6DAB700C4517E /* Resources */ = {
			isa = PBXGroup;
			children = (
				691F01FA24E6DAD600C4517E /* Colors.swift */,
			);
			path = Resources;
			sourceTree = "<group>";
		};
		69405E2424F409B100777618 /* Utils */ = {
			isa = PBXGroup;
			children = (
				69405E2524F409E500777618 /* ViewCode.swift */,
			);
			path = Utils;
			sourceTree = "<group>";
		};
		6960433C2541C76B00B913DE /* Frameworks */ = {
			isa = PBXGroup;
			children = (
				6960433D2541C76B00B913DE /* CloudKit.framework */,
			);
			name = Frameworks;
			sourceTree = "<group>";
		};
		69A2E25A25CC1DEB000308A4 /* ViewModel */ = {
			isa = PBXGroup;
			children = (
				692798FE25D2D79300BECDC9 /* Observable.swift */,
				692798FA25D182DB00BECDC9 /* ExplorerViewModel.swift */,
			);
			path = ViewModel;
			sourceTree = "<group>";
		};
		69A2E25E25CD73DC000308A4 /* GraphQL */ = {
			isa = PBXGroup;
			children = (
				6907804525D175E800400D06 /* API.swift */,
				69A2E26A25CD7650000308A4 /* Apollo.swift */,
				69A2E26F25CD767B000308A4 /* Queries.graphql */,
			);
			path = GraphQL;
			sourceTree = "<group>";
		};
		69D5E31124EEA86B003109D9 /* Network */ = {
			isa = PBXGroup;
			children = (
				69D5E31224EEA8D6003109D9 /* NetworkManager.swift */,
			);
			path = Network;
			sourceTree = "<group>";
		};
/* End PBXGroup section */

/* Begin PBXNativeTarget section */
		691F01B724E57F5400C4517E /* BokuNoList */ = {
			isa = PBXNativeTarget;
			buildConfigurationList = 691F01E224E57F5800C4517E /* Build configuration list for PBXNativeTarget "BokuNoList" */;
			buildPhases = (
				6907800025CD8E0800400D06 /* Generate Apollo GraphQL API */,
				691F01B424E57F5400C4517E /* Sources */,
				691F01B524E57F5400C4517E /* Frameworks */,
				691F01B624E57F5400C4517E /* Resources */,
				691F01EE24E6BBFF00C4517E /* ShellScript */,
				69A2E28225CD7782000308A4 /* Embed Frameworks */,
			);
			buildRules = (
			);
			dependencies = (
			);
			name = BokuNoList;
			packageProductDependencies = (
				6907802525CDC91E00400D06 /* ApolloCore */,
				6907802725CDC91E00400D06 /* ApolloSQLite */,
				6907802925CDC91E00400D06 /* ApolloWebSocket */,
				6907802B25CDC91E00400D06 /* Apollo */,
				6907802D25CDC91E00400D06 /* ApolloCodegenLib */,
			);
			productName = BokuNoList;
			productReference = 691F01B824E57F5400C4517E /* BokuNoList.app */;
			productType = "com.apple.product-type.application";
		};
		691F01CD24E57F5800C4517E /* BokuNoListTests */ = {
			isa = PBXNativeTarget;
			buildConfigurationList = 691F01E524E57F5800C4517E /* Build configuration list for PBXNativeTarget "BokuNoListTests" */;
			buildPhases = (
				691F01CA24E57F5800C4517E /* Sources */,
				691F01CB24E57F5800C4517E /* Frameworks */,
				691F01CC24E57F5800C4517E /* Resources */,
			);
			buildRules = (
			);
			dependencies = (
				691F01D024E57F5800C4517E /* PBXTargetDependency */,
			);
			name = BokuNoListTests;
			productName = BokuNoListTests;
			productReference = 691F01CE24E57F5800C4517E /* BokuNoListTests.xctest */;
			productType = "com.apple.product-type.bundle.unit-test";
		};
		691F01D824E57F5800C4517E /* BokuNoListUITests */ = {
			isa = PBXNativeTarget;
			buildConfigurationList = 691F01E824E57F5800C4517E /* Build configuration list for PBXNativeTarget "BokuNoListUITests" */;
			buildPhases = (
				691F01D524E57F5800C4517E /* Sources */,
				691F01D624E57F5800C4517E /* Frameworks */,
				691F01D724E57F5800C4517E /* Resources */,
			);
			buildRules = (
			);
			dependencies = (
				691F01DB24E57F5800C4517E /* PBXTargetDependency */,
			);
			name = BokuNoListUITests;
			productName = BokuNoListUITests;
			productReference = 691F01D924E57F5800C4517E /* BokuNoListUITests.xctest */;
			productType = "com.apple.product-type.bundle.ui-testing";
		};
/* End PBXNativeTarget section */

/* Begin PBXProject section */
		691F01B024E57F5400C4517E /* Project object */ = {
			isa = PBXProject;
			attributes = {
				LastSwiftUpdateCheck = 1160;
				LastUpgradeCheck = 1160;
				ORGANIZATIONNAME = "Vitor Bryan";
				TargetAttributes = {
					691F01B724E57F5400C4517E = {
						CreatedOnToolsVersion = 11.6;
					};
					691F01CD24E57F5800C4517E = {
						CreatedOnToolsVersion = 11.6;
						TestTargetID = 691F01B724E57F5400C4517E;
					};
					691F01D824E57F5800C4517E = {
						CreatedOnToolsVersion = 11.6;
						TestTargetID = 691F01B724E57F5400C4517E;
					};
				};
			};
			buildConfigurationList = 691F01B324E57F5400C4517E /* Build configuration list for PBXProject "BokuNoList" */;
			compatibilityVersion = "Xcode 9.3";
			developmentRegion = en;
			hasScannedForEncodings = 0;
			knownRegions = (
				en,
				Base,
			);
			mainGroup = 691F01AF24E57F5400C4517E;
			packageReferences = (
				6907802425CDC91E00400D06 /* XCRemoteSwiftPackageReference "apollo-ios" */,
			);
			productRefGroup = 691F01B924E57F5400C4517E /* Products */;
			projectDirPath = "";
			projectRoot = "";
			targets = (
				691F01B724E57F5400C4517E /* BokuNoList */,
				691F01CD24E57F5800C4517E /* BokuNoListTests */,
				691F01D824E57F5800C4517E /* BokuNoListUITests */,
			);
		};
/* End PBXProject section */

/* Begin PBXResourcesBuildPhase section */
		691F01B624E57F5400C4517E /* Resources */ = {
			isa = PBXResourcesBuildPhase;
			buildActionMask = 2147483647;
			files = (
				691F01F024E6C07200C4517E /* .swiftlint.yml in Resources */,
				69A2E28625CD7998000308A4 /* schema.json in Resources */,
				691F01C824E57F5800C4517E /* LaunchScreen.storyboard in Resources */,
				69A2E27025CD767B000308A4 /* Queries.graphql in Resources */,
				691F01C524E57F5800C4517E /* Assets.xcassets in Resources */,
			);
			runOnlyForDeploymentPostprocessing = 0;
		};
		691F01CC24E57F5800C4517E /* Resources */ = {
			isa = PBXResourcesBuildPhase;
			buildActionMask = 2147483647;
			files = (
			);
			runOnlyForDeploymentPostprocessing = 0;
		};
		691F01D724E57F5800C4517E /* Resources */ = {
			isa = PBXResourcesBuildPhase;
			buildActionMask = 2147483647;
			files = (
			);
			runOnlyForDeploymentPostprocessing = 0;
		};
/* End PBXResourcesBuildPhase section */

/* Begin PBXShellScriptBuildPhase section */
		6907800025CD8E0800400D06 /* Generate Apollo GraphQL API */ = {
			isa = PBXShellScriptBuildPhase;
			buildActionMask = 2147483647;
			files = (
			);
			inputFileListPaths = (
			);
			inputPaths = (
			);
			name = "Generate Apollo GraphQL API";
			outputFileListPaths = (
			);
			outputPaths = (
			);
			runOnlyForDeploymentPostprocessing = 0;
			shellPath = /bin/sh;
			shellScript = "# Type a script or drag a script file from your workspace to insert its path.# Go to the build root and search up the chain to find the Derived Data Path where the source packages are checked out.\nDERIVED_DATA_CANDIDATE=\"${BUILD_ROOT}\"\n\nwhile ! [ -d \"${DERIVED_DATA_CANDIDATE}/SourcePackages\" ]; do\n  if [ \"${DERIVED_DATA_CANDIDATE}\" = / ]; then\n    echo >&2 \"error: Unable to locate SourcePackages directory from BUILD_ROOT: '${BUILD_ROOT}'\"\n    exit 1\n  fi\n\n  DERIVED_DATA_CANDIDATE=\"$(dirname \"${DERIVED_DATA_CANDIDATE}\")\"\ndone\n\n# Grab a reference to the directory where scripts are checked out\nSCRIPT_PATH=\"${DERIVED_DATA_CANDIDATE}/SourcePackages/checkouts/apollo-ios/scripts\"\n\nif [ -z \"${SCRIPT_PATH}\" ]; then\n    echo >&2 \"error: Couldn't find the CLI script in your checked out SPM packages; make sure to add the framework to your project.\"\n    exit 1\nfi\n\ncd \"${SRCROOT}/${TARGET_NAME}\"\n\"${SCRIPT_PATH}\"/run-bundled-codegen.sh codegen:generate --target=swift --includes=./**/*.graphql --localSchemaFile=\"schema.json\" GraphQL/API.swift\n\n\n";
		};
		691F01EE24E6BBFF00C4517E /* ShellScript */ = {
			isa = PBXShellScriptBuildPhase;
			buildActionMask = 2147483647;
			files = (
			);
			inputFileListPaths = (
			);
			inputPaths = (
			);
			outputFileListPaths = (
			);
			outputPaths = (
			);
			runOnlyForDeploymentPostprocessing = 0;
			shellPath = /bin/sh;
			shellScript = "# Type a script or drag a script file from your workspace to insert its path.\nif which swiftlint >/dev/null; then\n  swiftlint\nelse\n  echo \"warning: SwiftLint not installed, download from https://github.com/realm/SwiftLint\"\nfi\n";
		};
/* End PBXShellScriptBuildPhase section */

/* Begin PBXSourcesBuildPhase section */
		691F01B424E57F5400C4517E /* Sources */ = {
			isa = PBXSourcesBuildPhase;
			buildActionMask = 2147483647;
			files = (
				692798FB25D182DB00BECDC9 /* ExplorerViewModel.swift in Sources */,
				6907804625D175E800400D06 /* API.swift in Sources */,
				691F01F624E6CB1F00C4517E /* MyListViewController.swift in Sources */,
				69920C7524EABB1F0085FD3A /* CustomCellViewController.swift in Sources */,
				69D5E31324EEA8D6003109D9 /* NetworkManager.swift in Sources */,
				69405E2824F537D200777618 /* ApiResponse.swift in Sources */,
				6929734424F1795E00B0DC8A /* DetailsViewController.swift in Sources */,
				69FC5F3F253F28B4008DFA5C /* Anime+CoreDataProperties.swift in Sources */,
				69920C7724EC0D780085FD3A /* TrendingCollectionViewCell.swift in Sources */,
				691F01BC24E57F5400C4517E /* AppDelegate.swift in Sources */,
				69FC5F3E253F28B4008DFA5C /* Anime+CoreDataClass.swift in Sources */,
				691F01FB24E6DAD600C4517E /* Colors.swift in Sources */,
				69A2E26B25CD7650000308A4 /* Apollo.swift in Sources */,
				69920C7924ED55BD0085FD3A /* MyHeaderFooterClass.swift in Sources */,
				69405E2324F4029C00777618 /* Checklist.swift in Sources */,
				691F01BE24E57F5400C4517E /* SceneDelegate.swift in Sources */,
				692798FF25D2D79300BECDC9 /* Observable.swift in Sources */,
				691F01F424E6C51800C4517E /* TabBarViewController.swift in Sources */,
				69754C9E253F12A500B12C32 /* DatabaseController.swift in Sources */,
				691F01F224E6C4CC00C4517E /* ExplorerViewController.swift in Sources */,
				69405E2624F409E500777618 /* ViewCode.swift in Sources */,
				69BDF98E25471324005037F6 /* ModelCloudkit.swift in Sources */,
				69FC5F38253F283A008DFA5C /* Mylist.xcdatamodeld in Sources */,
				69BDF99325471909005037F6 /* AnimeCloudkit.swift in Sources */,
			);
			runOnlyForDeploymentPostprocessing = 0;
		};
		691F01CA24E57F5800C4517E /* Sources */ = {
			isa = PBXSourcesBuildPhase;
			buildActionMask = 2147483647;
			files = (
				691F01D324E57F5800C4517E /* BokuNoListTests.swift in Sources */,
			);
			runOnlyForDeploymentPostprocessing = 0;
		};
		691F01D524E57F5800C4517E /* Sources */ = {
			isa = PBXSourcesBuildPhase;
			buildActionMask = 2147483647;
			files = (
				691F01DE24E57F5800C4517E /* BokuNoListUITests.swift in Sources */,
			);
			runOnlyForDeploymentPostprocessing = 0;
		};
/* End PBXSourcesBuildPhase section */

/* Begin PBXTargetDependency section */
		691F01D024E57F5800C4517E /* PBXTargetDependency */ = {
			isa = PBXTargetDependency;
			target = 691F01B724E57F5400C4517E /* BokuNoList */;
			targetProxy = 691F01CF24E57F5800C4517E /* PBXContainerItemProxy */;
		};
		691F01DB24E57F5800C4517E /* PBXTargetDependency */ = {
			isa = PBXTargetDependency;
			target = 691F01B724E57F5400C4517E /* BokuNoList */;
			targetProxy = 691F01DA24E57F5800C4517E /* PBXContainerItemProxy */;
		};
/* End PBXTargetDependency section */

/* Begin PBXVariantGroup section */
		691F01C624E57F5800C4517E /* LaunchScreen.storyboard */ = {
			isa = PBXVariantGroup;
			children = (
				691F01C724E57F5800C4517E /* Base */,
			);
			name = LaunchScreen.storyboard;
			sourceTree = "<group>";
		};
/* End PBXVariantGroup section */

/* Begin XCBuildConfiguration section */
		691F01E024E57F5800C4517E /* Debug */ = {
			isa = XCBuildConfiguration;
			buildSettings = {
				ALWAYS_SEARCH_USER_PATHS = NO;
				CLANG_ANALYZER_NONNULL = YES;
				CLANG_ANALYZER_NUMBER_OBJECT_CONVERSION = YES_AGGRESSIVE;
				CLANG_CXX_LANGUAGE_STANDARD = "gnu++14";
				CLANG_CXX_LIBRARY = "libc++";
				CLANG_ENABLE_MODULES = YES;
				CLANG_ENABLE_OBJC_ARC = YES;
				CLANG_ENABLE_OBJC_WEAK = YES;
				CLANG_WARN_BLOCK_CAPTURE_AUTORELEASING = YES;
				CLANG_WARN_BOOL_CONVERSION = YES;
				CLANG_WARN_COMMA = YES;
				CLANG_WARN_CONSTANT_CONVERSION = YES;
				CLANG_WARN_DEPRECATED_OBJC_IMPLEMENTATIONS = YES;
				CLANG_WARN_DIRECT_OBJC_ISA_USAGE = YES_ERROR;
				CLANG_WARN_DOCUMENTATION_COMMENTS = YES;
				CLANG_WARN_EMPTY_BODY = YES;
				CLANG_WARN_ENUM_CONVERSION = YES;
				CLANG_WARN_INFINITE_RECURSION = YES;
				CLANG_WARN_INT_CONVERSION = YES;
				CLANG_WARN_NON_LITERAL_NULL_CONVERSION = YES;
				CLANG_WARN_OBJC_IMPLICIT_RETAIN_SELF = YES;
				CLANG_WARN_OBJC_LITERAL_CONVERSION = YES;
				CLANG_WARN_OBJC_ROOT_CLASS = YES_ERROR;
				CLANG_WARN_RANGE_LOOP_ANALYSIS = YES;
				CLANG_WARN_STRICT_PROTOTYPES = YES;
				CLANG_WARN_SUSPICIOUS_MOVE = YES;
				CLANG_WARN_UNGUARDED_AVAILABILITY = YES_AGGRESSIVE;
				CLANG_WARN_UNREACHABLE_CODE = YES;
				CLANG_WARN__DUPLICATE_METHOD_MATCH = YES;
				COPY_PHASE_STRIP = NO;
				DEBUG_INFORMATION_FORMAT = dwarf;
				ENABLE_STRICT_OBJC_MSGSEND = YES;
				ENABLE_TESTABILITY = YES;
				GCC_C_LANGUAGE_STANDARD = gnu11;
				GCC_DYNAMIC_NO_PIC = NO;
				GCC_NO_COMMON_BLOCKS = YES;
				GCC_OPTIMIZATION_LEVEL = 0;
				GCC_PREPROCESSOR_DEFINITIONS = (
					"DEBUG=1",
					"$(inherited)",
				);
				GCC_WARN_64_TO_32_BIT_CONVERSION = YES;
				GCC_WARN_ABOUT_RETURN_TYPE = YES_ERROR;
				GCC_WARN_UNDECLARED_SELECTOR = YES;
				GCC_WARN_UNINITIALIZED_AUTOS = YES_AGGRESSIVE;
				GCC_WARN_UNUSED_FUNCTION = YES;
				GCC_WARN_UNUSED_VARIABLE = YES;
				IPHONEOS_DEPLOYMENT_TARGET = 13.6;
				MTL_ENABLE_DEBUG_INFO = INCLUDE_SOURCE;
				MTL_FAST_MATH = YES;
				ONLY_ACTIVE_ARCH = YES;
				SDKROOT = iphoneos;
				SWIFT_ACTIVE_COMPILATION_CONDITIONS = DEBUG;
				SWIFT_OPTIMIZATION_LEVEL = "-Onone";
			};
			name = Debug;
		};
		691F01E124E57F5800C4517E /* Release */ = {
			isa = XCBuildConfiguration;
			buildSettings = {
				ALWAYS_SEARCH_USER_PATHS = NO;
				CLANG_ANALYZER_NONNULL = YES;
				CLANG_ANALYZER_NUMBER_OBJECT_CONVERSION = YES_AGGRESSIVE;
				CLANG_CXX_LANGUAGE_STANDARD = "gnu++14";
				CLANG_CXX_LIBRARY = "libc++";
				CLANG_ENABLE_MODULES = YES;
				CLANG_ENABLE_OBJC_ARC = YES;
				CLANG_ENABLE_OBJC_WEAK = YES;
				CLANG_WARN_BLOCK_CAPTURE_AUTORELEASING = YES;
				CLANG_WARN_BOOL_CONVERSION = YES;
				CLANG_WARN_COMMA = YES;
				CLANG_WARN_CONSTANT_CONVERSION = YES;
				CLANG_WARN_DEPRECATED_OBJC_IMPLEMENTATIONS = YES;
				CLANG_WARN_DIRECT_OBJC_ISA_USAGE = YES_ERROR;
				CLANG_WARN_DOCUMENTATION_COMMENTS = YES;
				CLANG_WARN_EMPTY_BODY = YES;
				CLANG_WARN_ENUM_CONVERSION = YES;
				CLANG_WARN_INFINITE_RECURSION = YES;
				CLANG_WARN_INT_CONVERSION = YES;
				CLANG_WARN_NON_LITERAL_NULL_CONVERSION = YES;
				CLANG_WARN_OBJC_IMPLICIT_RETAIN_SELF = YES;
				CLANG_WARN_OBJC_LITERAL_CONVERSION = YES;
				CLANG_WARN_OBJC_ROOT_CLASS = YES_ERROR;
				CLANG_WARN_RANGE_LOOP_ANALYSIS = YES;
				CLANG_WARN_STRICT_PROTOTYPES = YES;
				CLANG_WARN_SUSPICIOUS_MOVE = YES;
				CLANG_WARN_UNGUARDED_AVAILABILITY = YES_AGGRESSIVE;
				CLANG_WARN_UNREACHABLE_CODE = YES;
				CLANG_WARN__DUPLICATE_METHOD_MATCH = YES;
				COPY_PHASE_STRIP = NO;
				DEBUG_INFORMATION_FORMAT = "dwarf-with-dsym";
				ENABLE_NS_ASSERTIONS = NO;
				ENABLE_STRICT_OBJC_MSGSEND = YES;
				GCC_C_LANGUAGE_STANDARD = gnu11;
				GCC_NO_COMMON_BLOCKS = YES;
				GCC_WARN_64_TO_32_BIT_CONVERSION = YES;
				GCC_WARN_ABOUT_RETURN_TYPE = YES_ERROR;
				GCC_WARN_UNDECLARED_SELECTOR = YES;
				GCC_WARN_UNINITIALIZED_AUTOS = YES_AGGRESSIVE;
				GCC_WARN_UNUSED_FUNCTION = YES;
				GCC_WARN_UNUSED_VARIABLE = YES;
				IPHONEOS_DEPLOYMENT_TARGET = 13.6;
				MTL_ENABLE_DEBUG_INFO = NO;
				MTL_FAST_MATH = YES;
				SDKROOT = iphoneos;
				SWIFT_COMPILATION_MODE = wholemodule;
				SWIFT_OPTIMIZATION_LEVEL = "-O";
				VALIDATE_PRODUCT = YES;
			};
			name = Release;
		};
		691F01E324E57F5800C4517E /* Debug */ = {
			isa = XCBuildConfiguration;
			buildSettings = {
				ASSETCATALOG_COMPILER_APPICON_NAME = AppIcon;
				CODE_SIGN_ENTITLEMENTS = BokuNoList/BokuNoList.entitlements;
				CODE_SIGN_STYLE = Automatic;
				DEVELOPMENT_TEAM = GHRBLV3RV2;
				INFOPLIST_FILE = BokuNoList/Info.plist;
				LD_RUNPATH_SEARCH_PATHS = (
					"$(inherited)",
					"@executable_path/Frameworks",
				);
				PRODUCT_BUNDLE_IDENTIFIER = com.vitorbryan.BokuNoList;
				PRODUCT_NAME = "$(TARGET_NAME)";
				SWIFT_VERSION = 5.0;
				TARGETED_DEVICE_FAMILY = "1,2";
			};
			name = Debug;
		};
		691F01E424E57F5800C4517E /* Release */ = {
			isa = XCBuildConfiguration;
			buildSettings = {
				ASSETCATALOG_COMPILER_APPICON_NAME = AppIcon;
				CODE_SIGN_ENTITLEMENTS = BokuNoList/BokuNoList.entitlements;
				CODE_SIGN_STYLE = Automatic;
				DEVELOPMENT_TEAM = GHRBLV3RV2;
				INFOPLIST_FILE = BokuNoList/Info.plist;
				LD_RUNPATH_SEARCH_PATHS = (
					"$(inherited)",
					"@executable_path/Frameworks",
				);
				PRODUCT_BUNDLE_IDENTIFIER = com.vitorbryan.BokuNoList;
				PRODUCT_NAME = "$(TARGET_NAME)";
				SWIFT_VERSION = 5.0;
				TARGETED_DEVICE_FAMILY = "1,2";
			};
			name = Release;
		};
		691F01E624E57F5800C4517E /* Debug */ = {
			isa = XCBuildConfiguration;
			buildSettings = {
				ALWAYS_EMBED_SWIFT_STANDARD_LIBRARIES = YES;
				BUNDLE_LOADER = "$(TEST_HOST)";
				CODE_SIGN_STYLE = Automatic;
				DEVELOPMENT_TEAM = GHRBLV3RV2;
				INFOPLIST_FILE = BokuNoListTests/Info.plist;
				IPHONEOS_DEPLOYMENT_TARGET = 13.6;
				LD_RUNPATH_SEARCH_PATHS = (
					"$(inherited)",
					"@executable_path/Frameworks",
					"@loader_path/Frameworks",
				);
				PRODUCT_BUNDLE_IDENTIFIER = com.vitorbryan.BokuNoListTests;
				PRODUCT_NAME = "$(TARGET_NAME)";
				SWIFT_VERSION = 5.0;
				TARGETED_DEVICE_FAMILY = "1,2";
				TEST_HOST = "$(BUILT_PRODUCTS_DIR)/BokuNoList.app/BokuNoList";
			};
			name = Debug;
		};
		691F01E724E57F5800C4517E /* Release */ = {
			isa = XCBuildConfiguration;
			buildSettings = {
				ALWAYS_EMBED_SWIFT_STANDARD_LIBRARIES = YES;
				BUNDLE_LOADER = "$(TEST_HOST)";
				CODE_SIGN_STYLE = Automatic;
				DEVELOPMENT_TEAM = GHRBLV3RV2;
				INFOPLIST_FILE = BokuNoListTests/Info.plist;
				IPHONEOS_DEPLOYMENT_TARGET = 13.6;
				LD_RUNPATH_SEARCH_PATHS = (
					"$(inherited)",
					"@executable_path/Frameworks",
					"@loader_path/Frameworks",
				);
				PRODUCT_BUNDLE_IDENTIFIER = com.vitorbryan.BokuNoListTests;
				PRODUCT_NAME = "$(TARGET_NAME)";
				SWIFT_VERSION = 5.0;
				TARGETED_DEVICE_FAMILY = "1,2";
				TEST_HOST = "$(BUILT_PRODUCTS_DIR)/BokuNoList.app/BokuNoList";
			};
			name = Release;
		};
		691F01E924E57F5800C4517E /* Debug */ = {
			isa = XCBuildConfiguration;
			buildSettings = {
				ALWAYS_EMBED_SWIFT_STANDARD_LIBRARIES = YES;
				CODE_SIGN_STYLE = Automatic;
				DEVELOPMENT_TEAM = GHRBLV3RV2;
				INFOPLIST_FILE = BokuNoListUITests/Info.plist;
				LD_RUNPATH_SEARCH_PATHS = (
					"$(inherited)",
					"@executable_path/Frameworks",
					"@loader_path/Frameworks",
				);
				PRODUCT_BUNDLE_IDENTIFIER = com.vitorbryan.BokuNoListUITests;
				PRODUCT_NAME = "$(TARGET_NAME)";
				SWIFT_VERSION = 5.0;
				TARGETED_DEVICE_FAMILY = "1,2";
				TEST_TARGET_NAME = BokuNoList;
			};
			name = Debug;
		};
		691F01EA24E57F5800C4517E /* Release */ = {
			isa = XCBuildConfiguration;
			buildSettings = {
				ALWAYS_EMBED_SWIFT_STANDARD_LIBRARIES = YES;
				CODE_SIGN_STYLE = Automatic;
				DEVELOPMENT_TEAM = GHRBLV3RV2;
				INFOPLIST_FILE = BokuNoListUITests/Info.plist;
				LD_RUNPATH_SEARCH_PATHS = (
					"$(inherited)",
					"@executable_path/Frameworks",
					"@loader_path/Frameworks",
				);
				PRODUCT_BUNDLE_IDENTIFIER = com.vitorbryan.BokuNoListUITests;
				PRODUCT_NAME = "$(TARGET_NAME)";
				SWIFT_VERSION = 5.0;
				TARGETED_DEVICE_FAMILY = "1,2";
				TEST_TARGET_NAME = BokuNoList;
			};
			name = Release;
		};
/* End XCBuildConfiguration section */

/* Begin XCConfigurationList section */
		691F01B324E57F5400C4517E /* Build configuration list for PBXProject "BokuNoList" */ = {
			isa = XCConfigurationList;
			buildConfigurations = (
				691F01E024E57F5800C4517E /* Debug */,
				691F01E124E57F5800C4517E /* Release */,
			);
			defaultConfigurationIsVisible = 0;
			defaultConfigurationName = Release;
		};
		691F01E224E57F5800C4517E /* Build configuration list for PBXNativeTarget "BokuNoList" */ = {
			isa = XCConfigurationList;
			buildConfigurations = (
				691F01E324E57F5800C4517E /* Debug */,
				691F01E424E57F5800C4517E /* Release */,
			);
			defaultConfigurationIsVisible = 0;
			defaultConfigurationName = Release;
		};
		691F01E524E57F5800C4517E /* Build configuration list for PBXNativeTarget "BokuNoListTests" */ = {
			isa = XCConfigurationList;
			buildConfigurations = (
				691F01E624E57F5800C4517E /* Debug */,
				691F01E724E57F5800C4517E /* Release */,
			);
			defaultConfigurationIsVisible = 0;
			defaultConfigurationName = Release;
		};
		691F01E824E57F5800C4517E /* Build configuration list for PBXNativeTarget "BokuNoListUITests" */ = {
			isa = XCConfigurationList;
			buildConfigurations = (
				691F01E924E57F5800C4517E /* Debug */,
				691F01EA24E57F5800C4517E /* Release */,
			);
			defaultConfigurationIsVisible = 0;
			defaultConfigurationName = Release;
		};
/* End XCConfigurationList section */

/* Begin XCRemoteSwiftPackageReference section */
		6907802425CDC91E00400D06 /* XCRemoteSwiftPackageReference "apollo-ios" */ = {
			isa = XCRemoteSwiftPackageReference;
			repositoryURL = "https://github.com/apollographql/apollo-ios.git";
			requirement = {
				kind = upToNextMajorVersion;
				minimumVersion = 0.36.0;
			};
		};
/* End XCRemoteSwiftPackageReference section */

/* Begin XCSwiftPackageProductDependency section */
		6907802525CDC91E00400D06 /* ApolloCore */ = {
			isa = XCSwiftPackageProductDependency;
			package = 6907802425CDC91E00400D06 /* XCRemoteSwiftPackageReference "apollo-ios" */;
			productName = ApolloCore;
		};
		6907802725CDC91E00400D06 /* ApolloSQLite */ = {
			isa = XCSwiftPackageProductDependency;
			package = 6907802425CDC91E00400D06 /* XCRemoteSwiftPackageReference "apollo-ios" */;
			productName = ApolloSQLite;
		};
		6907802925CDC91E00400D06 /* ApolloWebSocket */ = {
			isa = XCSwiftPackageProductDependency;
			package = 6907802425CDC91E00400D06 /* XCRemoteSwiftPackageReference "apollo-ios" */;
			productName = ApolloWebSocket;
		};
		6907802B25CDC91E00400D06 /* Apollo */ = {
			isa = XCSwiftPackageProductDependency;
			package = 6907802425CDC91E00400D06 /* XCRemoteSwiftPackageReference "apollo-ios" */;
			productName = Apollo;
		};
		6907802D25CDC91E00400D06 /* ApolloCodegenLib */ = {
			isa = XCSwiftPackageProductDependency;
			package = 6907802425CDC91E00400D06 /* XCRemoteSwiftPackageReference "apollo-ios" */;
			productName = ApolloCodegenLib;
		};
/* End XCSwiftPackageProductDependency section */

/* Begin XCVersionGroup section */
		69FC5F36253F283A008DFA5C /* Mylist.xcdatamodeld */ = {
			isa = XCVersionGroup;
			children = (
				69FC5F37253F283A008DFA5C /* Mylist.xcdatamodel */,
			);
			currentVersion = 69FC5F37253F283A008DFA5C /* Mylist.xcdatamodel */;
			path = Mylist.xcdatamodeld;
			sourceTree = "<group>";
			versionGroupType = wrapper.xcdatamodel;
		};
/* End XCVersionGroup section */
	};
	rootObject = 691F01B024E57F5400C4517E /* Project object */;
}
